
Microsoft Visual Studio Solution File, Format Version 12.00
# Visual Studio 15
Project("{FAE04EC0-301F-11D3-BF4B-00C04F79EFBC}") = "Entrega2POO", "Entrega2POO.csproj", "{E70C7F28-2F37-4276-9393-298D76BB3C60}"
EndProject
Global
	GlobalSection(SolutionConfigurationPlatforms) = preSolution
		Debug|anycpu = Debug|anycpu
		Release|anycpu = Release|anycpu
	EndGlobalSection
	GlobalSection(ProjectConfigurationPlatforms) = postSolution
		{E70C7F28-2F37-4276-9393-298D76BB3C60}.Debug|anycpu.ActiveCfg = Debug|anycpu
		{E70C7F28-2F37-4276-9393-298D76BB3C60}.Debug|anycpu.Build.0 = Debug|anycpu
		{E70C7F28-2F37-4276-9393-298D76BB3C60}.Release|anycpu.ActiveCfg = Release|anycpu
		{E70C7F28-2F37-4276-9393-298D76BB3C60}.Release|anycpu.Build.0 = Release|anycpu
	EndGlobalSection
EndGlobal
